
Microsoft Visual Studio Solution File, Format Version 12.00
# Visual Studio Version 16
VisualStudioVersion = 16.0.29709.97
MinimumVisualStudioVersion = 10.0.40219.1
Project("{9A19103F-16F7-4668-BE54-9A1E7A4F7556}") = "SchoolApi", "SchoolApi\SchoolApi.csproj", "{4AD6533B-3641-4042-9FC8-3F604F4F3C74}"
EndProject
Global
	GlobalSection(SolutionConfigurationPlatforms) = preSolution
		Debug|Any CPU = Debug|Any CPU
		Release|Any CPU = Release|Any CPU
	EndGlobalSection
	GlobalSection(ProjectConfigurationPlatforms) = postSolution
		{4AD6533B-3641-4042-9FC8-3F604F4F3C74}.Debug|Any CPU.ActiveCfg = Debug|Any CPU
		{4AD6533B-3641-4042-9FC8-3F604F4F3C74}.Debug|Any CPU.Build.0 = Debug|Any CPU
		{4AD6533B-3641-4042-9FC8-3F604F4F3C74}.Release|Any CPU.ActiveCfg = Release|Any CPU
		{4AD6533B-3641-4042-9FC8-3F604F4F3C74}.Release|Any CPU.Build.0 = Release|Any CPU
	EndGlobalSection
	GlobalSection(SolutionProperties) = preSolution
		HideSolutionNode = FALSE
	EndGlobalSection
	GlobalSection(ExtensibilityGlobals) = postSolution
		SolutionGuid = {E5A3E009-F178-4C32-B130-A09A3D5AB627}
	EndGlobalSection
EndGlobal
